<Solution>
  <Folder Name="/backend/src/">
    <Project Path="backend/src/Api/SaasCommerce.Api.csproj" />
    <Project Path="backend/src/Worker/SaasCommerce.Worker.csproj" />
    <Project Path="backend/src/SharedKernel/SaasCommerce.SharedKernel.csproj" />
    <Project Path="backend/src/BuildingBlocks/SaasCommerce.BuildingBlocks.csproj" />
    <Project Path="backend/src/Modules/SaasCommerce.Modules.csproj" />
  </Folder>
  <Folder Name="/backend/tests/">
    <Project Path="backend/tests/SaasCommerce.Api.Tests/SaasCommerce.Api.Tests.csproj" />
    <Project Path="backend/tests/SaasCommerce.Architecture.Tests/SaasCommerce.Architecture.Tests.csproj" />
    <Project Path="backend/tests/SaasCommerce.BuildingBlocks.Tests/SaasCommerce.BuildingBlocks.Tests.csproj" />
    <Project Path="backend/tests/SaasCommerce.Modules.Tests/SaasCommerce.Modules.Tests.csproj" />
    <Project Path="backend/tests/SaasCommerce.SharedKernel.Tests/SaasCommerce.SharedKernel.Tests.csproj" />
    <Project Path="backend/tests/SaasCommerce.Worker.Tests/SaasCommerce.Worker.Tests.csproj" />
  </Folder>
</Solution>
